{
  "pins" : [
    {
      "identity" : "c",
      "kind" : "remoteSourceControl",
      "location" : "https://github.com/0xOpenBytes/c",
      "state" : {
        "revision" : "8be47363b905a1a159647f7d04352b5660c90bc1",
        "version" : "1.1.1"
      }
    },
    {
      "identity" : "cachestore",
      "kind" : "remoteSourceControl",
      "location" : "https://github.com/0xOpenBytes/CacheStore",
      "state" : {
        "revision" : "8f5c287dfaba3dcf2cd2921bf48f38c3a0359423",
        "version" : "3.2.2"
      }
    },
    {
      "identity" : "swift-custom-dump",
      "kind" : "remoteSourceControl",
      "location" : "https://github.com/0xLeif/swift-custom-dump",
      "state" : {
        "revision" : "9df7aaf030cedf633f74f9f2a1d389426b4aab84",
        "version" : "0.4.1"
      }
    },
    {
      "identity" : "t",
      "kind" : "remoteSourceControl",
      "location" : "https://github.com/0xOpenBytes/t",
      "state" : {
        "revision" : "78294df737c524f40267bca42beb8e10ca28aa41",
        "version" : "0.2.0"
      }
    },
    {
      "identity" : "xctest-dynamic-overlay",
      "kind" : "remoteSourceControl",
      "location" : "https://github.com/pointfreeco/xctest-dynamic-overlay",
      "state" : {
        "revision" : "ef8e14e7ce1c0c304c644c6ba365d06c468ded6b",
        "version" : "0.3.3"
      }
    }
  ],
  "version" : 2
}
